
Microsoft Visual Studio Solution File, Format Version 12.00
# Visual Studio Version 16
VisualStudioVersion = 16.0.30011.22
MinimumVisualStudioVersion = 10.0.40219.1
Project("{9A19103F-16F7-4668-BE54-9A1E7A4F7556}") = "MelcoreFramework", "MelcoreFramework\MelcoreFramework.csproj", "{0EE53FF8-7AFF-4CA7-8E76-C349B69CD627}"
EndProject
Project("{2150E333-8FDC-42A3-9474-1A3956D46DE8}") = "Cache", "Cache", "{B5D6970B-DAE7-42B4-808F-158A832091D3}"
EndProject
Project("{2150E333-8FDC-42A3-9474-1A3956D46DE8}") = "FileStored", "FileStored", "{6D46D349-E6C4-4EE3-867F-88AFDE919752}"
EndProject
Project("{2150E333-8FDC-42A3-9474-1A3956D46DE8}") = "Loger", "Loger", "{63400DC5-46F9-4AC2-B561-0A44FF9D6ABE}"
EndProject
Project("{2150E333-8FDC-42A3-9474-1A3956D46DE8}") = "Infrastructure", "Infrastructure", "{CDCAF95A-9CFD-4AB0-836B-5709AFA04BB1}"
EndProject
Project("{2150E333-8FDC-42A3-9474-1A3956D46DE8}") = "MessageBroker", "MessageBroker", "{0831A7E6-7E26-460D-AD17-F34C9D6ABC35}"
EndProject
Project("{2150E333-8FDC-42A3-9474-1A3956D46DE8}") = "MessageService", "MessageService", "{39053628-0FC3-4F99-910D-E0C2892AAAA1}"
EndProject
Project("{2150E333-8FDC-42A3-9474-1A3956D46DE8}") = "PushNotification", "PushNotification", "{113D6DA7-7612-41B8-B07F-5910540FA68C}"
EndProject
Project("{2150E333-8FDC-42A3-9474-1A3956D46DE8}") = "Search", "Search", "{959B057D-6C07-4172-96F2-185D75F43C3C}"
EndProject
Project("{9A19103F-16F7-4668-BE54-9A1E7A4F7556}") = "MelcoreFramework.FileStored.OsSystem", "FileStored\MelcoreFramework.FileStored.OsSystem\MelcoreFramework.FileStored.OsSystem.csproj", "{D8AD21DE-81BF-472E-9A94-C4261AC5554B}"
EndProject
Project("{9A19103F-16F7-4668-BE54-9A1E7A4F7556}") = "MelcoreFramework.FileStored.OsSystem.Test", "FileStored\MelcoreFramework.FileStored.OsSystem.Test\MelcoreFramework.FileStored.OsSystem.Test.csproj", "{6AFD412D-A392-4F58-9BCD-4BC7FB932CB3}"
EndProject
Project("{9A19103F-16F7-4668-BE54-9A1E7A4F7556}") = "MelcoreFramework.FileStored.AmazonS3", "FileStored\MelcoreFramework.FileStored.AmazonS3\MelcoreFramework.FileStored.AmazonS3.csproj", "{2D6637C8-921C-458B-8E04-0308C1FE3FB2}"
EndProject
Project("{9A19103F-16F7-4668-BE54-9A1E7A4F7556}") = "MelcoreFramework.FileStored.AmazonS3.Test", "FileStored\MelcoreFramework.FileStored.AmazonS3.Test\MelcoreFramework.FileStored.AmazonS3.Test.csproj", "{79DE5625-C0A4-43F7-AD21-15C952B661AB}"
EndProject
Project("{9A19103F-16F7-4668-BE54-9A1E7A4F7556}") = "MelcoreFramework.FileStored.Minio.Test", "FileStored\MelcoreFramework.FileStored.Minio.Test\MelcoreFramework.FileStored.Minio.Test.csproj", "{0CCF9E8F-4BFB-455F-A1CF-A2C678C87641}"
EndProject
Project("{9A19103F-16F7-4668-BE54-9A1E7A4F7556}") = "MelcoreFramework.FileStored.Minio", "FileStored\MelcoreFramework.FileStored.Minio\MelcoreFramework.FileStored.Minio.csproj", "{422BDE4F-B5B3-4BAC-AECD-C236ACA9FE47}"
EndProject
Project("{2150E333-8FDC-42A3-9474-1A3956D46DE8}") = "Solution Items", "Solution Items", "{776A23D4-6C79-45FC-902F-983037D9CF57}"
	ProjectSection(SolutionItems) = preProject
		.editorconfig = .editorconfig
	EndProjectSection
EndProject
Project("{2150E333-8FDC-42A3-9474-1A3956D46DE8}") = "Database", "Database", "{86C99E08-4499-49FE-9284-76DBD700752D}"
EndProject
Project("{FAE04EC0-301F-11D3-BF4B-00C04F79EFBC}") = "MelcoreFramework.Database.Test", "Database\MelcoreFramework.Database.Test\MelcoreFramework.Database.Test.csproj", "{1CECF642-A00A-43A0-867A-E00F857060C9}"
EndProject
Global
	GlobalSection(SolutionConfigurationPlatforms) = preSolution
		Debug|Any CPU = Debug|Any CPU
		Release|Any CPU = Release|Any CPU
	EndGlobalSection
	GlobalSection(ProjectConfigurationPlatforms) = postSolution
		{0EE53FF8-7AFF-4CA7-8E76-C349B69CD627}.Debug|Any CPU.ActiveCfg = Debug|Any CPU
		{0EE53FF8-7AFF-4CA7-8E76-C349B69CD627}.Debug|Any CPU.Build.0 = Debug|Any CPU
		{0EE53FF8-7AFF-4CA7-8E76-C349B69CD627}.Release|Any CPU.ActiveCfg = Release|Any CPU
		{0EE53FF8-7AFF-4CA7-8E76-C349B69CD627}.Release|Any CPU.Build.0 = Release|Any CPU
		{D8AD21DE-81BF-472E-9A94-C4261AC5554B}.Debug|Any CPU.ActiveCfg = Debug|Any CPU
		{D8AD21DE-81BF-472E-9A94-C4261AC5554B}.Debug|Any CPU.Build.0 = Debug|Any CPU
		{D8AD21DE-81BF-472E-9A94-C4261AC5554B}.Release|Any CPU.ActiveCfg = Release|Any CPU
		{D8AD21DE-81BF-472E-9A94-C4261AC5554B}.Release|Any CPU.Build.0 = Release|Any CPU
		{6AFD412D-A392-4F58-9BCD-4BC7FB932CB3}.Debug|Any CPU.ActiveCfg = Debug|Any CPU
		{6AFD412D-A392-4F58-9BCD-4BC7FB932CB3}.Debug|Any CPU.Build.0 = Debug|Any CPU
		{6AFD412D-A392-4F58-9BCD-4BC7FB932CB3}.Release|Any CPU.ActiveCfg = Release|Any CPU
		{6AFD412D-A392-4F58-9BCD-4BC7FB932CB3}.Release|Any CPU.Build.0 = Release|Any CPU
		{2D6637C8-921C-458B-8E04-0308C1FE3FB2}.Debug|Any CPU.ActiveCfg = Debug|Any CPU
		{2D6637C8-921C-458B-8E04-0308C1FE3FB2}.Debug|Any CPU.Build.0 = Debug|Any CPU
		{2D6637C8-921C-458B-8E04-0308C1FE3FB2}.Release|Any CPU.ActiveCfg = Release|Any CPU
		{2D6637C8-921C-458B-8E04-0308C1FE3FB2}.Release|Any CPU.Build.0 = Release|Any CPU
		{79DE5625-C0A4-43F7-AD21-15C952B661AB}.Debug|Any CPU.ActiveCfg = Debug|Any CPU
		{79DE5625-C0A4-43F7-AD21-15C952B661AB}.Debug|Any CPU.Build.0 = Debug|Any CPU
		{79DE5625-C0A4-43F7-AD21-15C952B661AB}.Release|Any CPU.ActiveCfg = Release|Any CPU
		{79DE5625-C0A4-43F7-AD21-15C952B661AB}.Release|Any CPU.Build.0 = Release|Any CPU
		{0CCF9E8F-4BFB-455F-A1CF-A2C678C87641}.Debug|Any CPU.ActiveCfg = Debug|Any CPU
		{0CCF9E8F-4BFB-455F-A1CF-A2C678C87641}.Debug|Any CPU.Build.0 = Debug|Any CPU
		{0CCF9E8F-4BFB-455F-A1CF-A2C678C87641}.Release|Any CPU.ActiveCfg = Release|Any CPU
		{0CCF9E8F-4BFB-455F-A1CF-A2C678C87641}.Release|Any CPU.Build.0 = Release|Any CPU
		{422BDE4F-B5B3-4BAC-AECD-C236ACA9FE47}.Debug|Any CPU.ActiveCfg = Debug|Any CPU
		{422BDE4F-B5B3-4BAC-AECD-C236ACA9FE47}.Debug|Any CPU.Build.0 = Debug|Any CPU
		{422BDE4F-B5B3-4BAC-AECD-C236ACA9FE47}.Release|Any CPU.ActiveCfg = Release|Any CPU
		{422BDE4F-B5B3-4BAC-AECD-C236ACA9FE47}.Release|Any CPU.Build.0 = Release|Any CPU
		{1CECF642-A00A-43A0-867A-E00F857060C9}.Debug|Any CPU.ActiveCfg = Debug|Any CPU
		{1CECF642-A00A-43A0-867A-E00F857060C9}.Debug|Any CPU.Build.0 = Debug|Any CPU
		{1CECF642-A00A-43A0-867A-E00F857060C9}.Release|Any CPU.ActiveCfg = Release|Any CPU
		{1CECF642-A00A-43A0-867A-E00F857060C9}.Release|Any CPU.Build.0 = Release|Any CPU
	EndGlobalSection
	GlobalSection(SolutionProperties) = preSolution
		HideSolutionNode = FALSE
	EndGlobalSection
	GlobalSection(NestedProjects) = preSolution
		{D8AD21DE-81BF-472E-9A94-C4261AC5554B} = {6D46D349-E6C4-4EE3-867F-88AFDE919752}
		{6AFD412D-A392-4F58-9BCD-4BC7FB932CB3} = {6D46D349-E6C4-4EE3-867F-88AFDE919752}
		{2D6637C8-921C-458B-8E04-0308C1FE3FB2} = {6D46D349-E6C4-4EE3-867F-88AFDE919752}
		{79DE5625-C0A4-43F7-AD21-15C952B661AB} = {6D46D349-E6C4-4EE3-867F-88AFDE919752}
		{0CCF9E8F-4BFB-455F-A1CF-A2C678C87641} = {6D46D349-E6C4-4EE3-867F-88AFDE919752}
		{422BDE4F-B5B3-4BAC-AECD-C236ACA9FE47} = {6D46D349-E6C4-4EE3-867F-88AFDE919752}
		{1CECF642-A00A-43A0-867A-E00F857060C9} = {86C99E08-4499-49FE-9284-76DBD700752D}
	EndGlobalSection
	GlobalSection(ExtensibilityGlobals) = postSolution
		SolutionGuid = {7FABCA78-763A-48C8-8991-4B96AE2B8896}
	EndGlobalSection
EndGlobal
